
Microsoft Visual Studio Solution File, Format Version 12.00
# Visual Studio Version 17
VisualStudioVersion = 17.4.33213.308
MinimumVisualStudioVersion = 10.0.40219.1
Project("{9A19103F-16F7-4668-BE54-9A1E7A4F7556}") = "Entities", "Entities\Entities.csproj", "{342135C8-2EB0-4C7C-8358-C79EEDA65552}"
EndProject
Project("{9A19103F-16F7-4668-BE54-9A1E7A4F7556}") = "DataAccess", "DataAccess\DataAccess.csproj", "{5EC82388-8ABD-4169-A251-E1B434E58F58}"
EndProject
Project("{9A19103F-16F7-4668-BE54-9A1E7A4F7556}") = "Business", "Business\Business.csproj", "{DA981505-84B3-4104-864C-57A0CE8BE8FA}"
EndProject
Project("{9A19103F-16F7-4668-BE54-9A1E7A4F7556}") = "ConsoleUI", "ConsoleUI\ConsoleUI.csproj", "{AB8E53B2-A2C4-4669-97C2-A0963BB92F81}"
EndProject
Project("{9A19103F-16F7-4668-BE54-9A1E7A4F7556}") = "Core", "Core\Core.csproj", "{A2255E9A-953E-4CAF-A25D-572882DA4443}"
EndProject
Project("{FAE04EC0-301F-11D3-BF4B-00C04F79EFBC}") = "WebAPI", "WebAPI\WebAPI.csproj", "{C1190DD0-B1B5-4DE1-9DA7-741C3EF17D4F}"
EndProject
Global
	GlobalSection(SolutionConfigurationPlatforms) = preSolution
		Debug|Any CPU = Debug|Any CPU
		Release|Any CPU = Release|Any CPU
	EndGlobalSection
	GlobalSection(ProjectConfigurationPlatforms) = postSolution
		{342135C8-2EB0-4C7C-8358-C79EEDA65552}.Debug|Any CPU.ActiveCfg = Debug|Any CPU
		{342135C8-2EB0-4C7C-8358-C79EEDA65552}.Debug|Any CPU.Build.0 = Debug|Any CPU
		{342135C8-2EB0-4C7C-8358-C79EEDA65552}.Release|Any CPU.ActiveCfg = Release|Any CPU
		{342135C8-2EB0-4C7C-8358-C79EEDA65552}.Release|Any CPU.Build.0 = Release|Any CPU
		{5EC82388-8ABD-4169-A251-E1B434E58F58}.Debug|Any CPU.ActiveCfg = Debug|Any CPU
		{5EC82388-8ABD-4169-A251-E1B434E58F58}.Debug|Any CPU.Build.0 = Debug|Any CPU
		{5EC82388-8ABD-4169-A251-E1B434E58F58}.Release|Any CPU.ActiveCfg = Release|Any CPU
		{5EC82388-8ABD-4169-A251-E1B434E58F58}.Release|Any CPU.Build.0 = Release|Any CPU
		{DA981505-84B3-4104-864C-57A0CE8BE8FA}.Debug|Any CPU.ActiveCfg = Debug|Any CPU
		{DA981505-84B3-4104-864C-57A0CE8BE8FA}.Debug|Any CPU.Build.0 = Debug|Any CPU
		{DA981505-84B3-4104-864C-57A0CE8BE8FA}.Release|Any CPU.ActiveCfg = Release|Any CPU
		{DA981505-84B3-4104-864C-57A0CE8BE8FA}.Release|Any CPU.Build.0 = Release|Any CPU
		{AB8E53B2-A2C4-4669-97C2-A0963BB92F81}.Debug|Any CPU.ActiveCfg = Debug|Any CPU
		{AB8E53B2-A2C4-4669-97C2-A0963BB92F81}.Debug|Any CPU.Build.0 = Debug|Any CPU
		{AB8E53B2-A2C4-4669-97C2-A0963BB92F81}.Release|Any CPU.ActiveCfg = Release|Any CPU
		{AB8E53B2-A2C4-4669-97C2-A0963BB92F81}.Release|Any CPU.Build.0 = Release|Any CPU
		{A2255E9A-953E-4CAF-A25D-572882DA4443}.Debug|Any CPU.ActiveCfg = Debug|Any CPU
		{A2255E9A-953E-4CAF-A25D-572882DA4443}.Debug|Any CPU.Build.0 = Debug|Any CPU
		{A2255E9A-953E-4CAF-A25D-572882DA4443}.Release|Any CPU.ActiveCfg = Release|Any CPU
		{A2255E9A-953E-4CAF-A25D-572882DA4443}.Release|Any CPU.Build.0 = Release|Any CPU
		{C1190DD0-B1B5-4DE1-9DA7-741C3EF17D4F}.Debug|Any CPU.ActiveCfg = Debug|Any CPU
		{C1190DD0-B1B5-4DE1-9DA7-741C3EF17D4F}.Debug|Any CPU.Build.0 = Debug|Any CPU
		{C1190DD0-B1B5-4DE1-9DA7-741C3EF17D4F}.Release|Any CPU.ActiveCfg = Release|Any CPU
		{C1190DD0-B1B5-4DE1-9DA7-741C3EF17D4F}.Release|Any CPU.Build.0 = Release|Any CPU
	EndGlobalSection
	GlobalSection(SolutionProperties) = preSolution
		HideSolutionNode = FALSE
	EndGlobalSection
	GlobalSection(ExtensibilityGlobals) = postSolution
		SolutionGuid = {40C1174F-8FBC-49F5-8AE8-F88AE75E864B}
	EndGlobalSection
EndGlobal
